{
  "version": "5",
  "specifiers": {
    "npm:@types/node@*": "22.15.15"
  },
  "npm": {
    "@types/node@22.15.15": {
      "integrity": "sha512-R5muMcZob3/Jjchn5LcO8jdKwSCbzqmPB6ruBxMcf9kbxtniZHP327s6C37iOfuw8mbKK3cAQa7sEl7afLrQ8A==",
      "dependencies": [
        "undici-types"
      ]
    },
    "undici-types@6.21.0": {
      "integrity": "sha512-iwDZqg0QAGrg9Rav5H4n0M64c3mkR59cJ6wQp+7C4nI0gsmExaedaYLNO44eT4AtBBwjbTiGPMlt2Md0T9H9JQ=="
    }
  },
  "redirects": {
    "https://esm.sh/@supabase/node-fetch@^2.6.13?target=denonext": "https://esm.sh/@supabase/node-fetch@2.6.15?target=denonext",
    "https://esm.sh/@supabase/node-fetch@^2.6.14?target=denonext": "https://esm.sh/@supabase/node-fetch@2.6.15?target=denonext",
    "https://esm.sh/@supabase/supabase-js@2": "https://esm.sh/@supabase/supabase-js@2.50.2",
    "https://esm.sh/isows@^1.0.7?target=denonext": "https://esm.sh/isows@1.0.7?target=denonext",
    "https://esm.sh/openai": "https://esm.sh/openai@5.8.1",
    "https://esm.sh/tr46@~0.0.3?target=denonext": "https://esm.sh/tr46@0.0.3?target=denonext",
    "https://esm.sh/webidl-conversions@^3.0.0?target=denonext": "https://esm.sh/webidl-conversions@3.0.1?target=denonext",
    "https://esm.sh/whatwg-url@^5.0.0?target=denonext": "https://esm.sh/whatwg-url@5.0.0?target=denonext"
  },
  "remote": {
    "https://deno.land/std@0.168.0/async/abortable.ts": "80b2ac399f142cc528f95a037a7d0e653296352d95c681e284533765961de409",
    "https://deno.land/std@0.168.0/async/deadline.ts": "2c2deb53c7c28ca1dda7a3ad81e70508b1ebc25db52559de6b8636c9278fd41f",
    "https://deno.land/std@0.168.0/async/debounce.ts": "60301ffb37e730cd2d6f9dadfd0ecb2a38857681bd7aaf6b0a106b06e5210a98",
    "https://deno.land/std@0.168.0/async/deferred.ts": "77d3f84255c3627f1cc88699d8472b664d7635990d5358c4351623e098e917d6",
    "https://deno.land/std@0.168.0/async/delay.ts": "5a9bfba8de38840308a7a33786a0155a7f6c1f7a859558ddcec5fe06e16daf57",
    "https://deno.land/std@0.168.0/async/mod.ts": "7809ad4bb223e40f5fdc043e5c7ca04e0e25eed35c32c3c32e28697c553fa6d9",
    "https://deno.land/std@0.168.0/async/mux_async_iterator.ts": "770a0ff26c59f8bbbda6b703a2235f04e379f73238e8d66a087edc68c2a2c35f",
    "https://deno.land/std@0.168.0/async/pool.ts": "6854d8cd675a74c73391c82005cbbe4cc58183bddcd1fbbd7c2bcda42b61cf69",
    "https://deno.land/std@0.168.0/async/retry.ts": "e8e5173623915bbc0ddc537698fa418cf875456c347eda1ed453528645b42e67",
    "https://deno.land/std@0.168.0/async/tee.ts": "3a47cc4e9a940904fd4341f0224907e199121c80b831faa5ec2b054c6d2eff5e",
    "https://deno.land/std@0.168.0/http/server.ts": "e99c1bee8a3f6571ee4cdeb2966efad465b8f6fe62bec1bdb59c1f007cc4d155",
    "https://deno.land/std@0.203.0/async/delay.ts": "a6142eb44cdd856b645086af2b811b1fcce08ec06bb7d50969e6a872ee9b8659",
    "https://deno.land/std@0.203.0/http/server.ts": "1b2403b3c544c0624ad23e8ca4e05877e65380d9e0d75d04957432d65c3d5f41",
    "https://esm.sh/@supabase/auth-js@2.70.0/denonext/auth-js.mjs": "51f137a91dc64489abf1a500582918ee5042e1e0b64c167f26a3b6d2f807f43c",
    "https://esm.sh/@supabase/functions-js@2.4.4/denonext/functions-js.mjs": "7adeb257410ef3c4a8a1eb9b4ff416c0075d1c32860ca04913c8a9dace1de6a6",
    "https://esm.sh/@supabase/node-fetch@2.6.15/denonext/node-fetch.mjs": "0bae9052231f4f6dbccc7234d05ea96923dbf967be12f402764580b6bf9f713d",
    "https://esm.sh/@supabase/node-fetch@2.6.15?target=denonext": "4d28c4ad97328403184353f68434f2b6973971507919e9150297413664919cf3",
    "https://esm.sh/@supabase/postgrest-js@1.19.4/denonext/postgrest-js.mjs": "2073b5552ba10c7a8302bffffae771e3aede1daf833382355dae239fb0ab2576",
    "https://esm.sh/@supabase/realtime-js@2.11.15/denonext/realtime-js.mjs": "3b7511415165a1b503eae1dfbc10814ef3d0c1c866c97fdec4f6714bfa34a847",
    "https://esm.sh/@supabase/storage-js@2.7.1/denonext/storage-js.mjs": "73ac8cdc95cfcd794fe603dbd7ce06d539ab51538ae6467eabe0f9cc26c993aa",
    "https://esm.sh/@supabase/supabase-js@2.50.2": "2760374fe5e43af09821abad913a116b06c913bf59f92ac079e7fc0ae001d2d7",
    "https://esm.sh/@supabase/supabase-js@2.50.2/denonext/supabase-js.mjs": "cb8ab343ca88f7a20f6eceb156d31c07092fcb2c5408f671807150964c33a85c",
    "https://esm.sh/isows@1.0.7/denonext/isows.mjs": "be1812ebbf28737b43588bbcbd89bf43345e3d58d32be13def331d12361045b4",
    "https://esm.sh/isows@1.0.7?target=denonext": "31b7306eada995ba18e29841d688a42bcc0166caf302e1b183b6d2a7c649f262",
    "https://esm.sh/openai@5.8.1": "0170407cdd80e00b6062e7d6201237c5562bba66f9308f36eb50876df7c1c97b",
    "https://esm.sh/openai@5.8.1/denonext/azure.mjs": "96458a388404b5d9ce2331c1b174079bbc3abc453ff2c419f20b84b4fba363a6",
    "https://esm.sh/openai@5.8.1/denonext/client.mjs": "406e49ea22e44d8fc13d3fb7fce9f8af0dff28bb685f97e4a2301928f333bb10",
    "https://esm.sh/openai@5.8.1/denonext/core/api-promise.mjs": "ee70226ce839499a8016099be661318658cd841e995020cebdd5fa89da4ef9c2",
    "https://esm.sh/openai@5.8.1/denonext/core/error.mjs": "aaf91c1770edcdeed2846e51903b49199ca563935c193107a5f7cbc117d10e69",
    "https://esm.sh/openai@5.8.1/denonext/core/pagination.mjs": "ca3a553775abafece9ff2dd0923878e68e187fff2da6f301792092035588ce4c",
    "https://esm.sh/openai@5.8.1/denonext/core/resource.mjs": "8d24434eb043fedffa4eaf6f6936b3730f5a4b1a4fd2ab1313b69c04d1896dec",
    "https://esm.sh/openai@5.8.1/denonext/core/streaming.mjs": "164db6c9a685eca95a801df03f7bd62041776129ed4668f41b159e6f1c2e2122",
    "https://esm.sh/openai@5.8.1/denonext/core/uploads.mjs": "0615ff1658c1f944f7e9c2726084a0b4316ecef1ed85ad06fb8f18d42e9fde6f",
    "https://esm.sh/openai@5.8.1/denonext/error.mjs": "cdba20cb8d9406d6072ac9b6ac75cb2c34ce8d611e27824dc578b5394e2899db",
    "https://esm.sh/openai@5.8.1/denonext/internal/errors.mjs": "77c413442f3a710067f4b350488309adbc81b88097bf552ea08cbb89180cc1af",
    "https://esm.sh/openai@5.8.1/denonext/internal/headers.mjs": "dee0c746fbbf5c490169ab03f1f59bcaa4580f90ebb632545067e5a22941cfe6",
    "https://esm.sh/openai@5.8.1/denonext/internal/parse.mjs": "57822c3a71824ac9838de61f5a99ef030c43b3f68e8a49e494d471e6aa713261",
    "https://esm.sh/openai@5.8.1/denonext/internal/shims.mjs": "354bc92038964a2a680b1572ec3864632e11602c5258baee4ca7cd805911f552",
    "https://esm.sh/openai@5.8.1/denonext/internal/tslib.mjs": "8da433f1392d3dc8bb28af0c91dee50f2b80ba8eeca4988c2832dfa894b27080",
    "https://esm.sh/openai@5.8.1/denonext/internal/uploads.mjs": "488eb5b3835ed2207cbc58796aff89ad01ebf8e55c12c75a44942d672ff41808",
    "https://esm.sh/openai@5.8.1/denonext/internal/utils.mjs": "7e15a26bcee170f7e236c163358802232c51aa51881ad90e07e21ad37e774eab",
    "https://esm.sh/openai@5.8.1/denonext/internal/utils/bytes.mjs": "5d614c105e51979b191cfdfe7ff6cb49e121af1ec0cac25c08daf3e2247babd2",
    "https://esm.sh/openai@5.8.1/denonext/internal/utils/env.mjs": "a38ddde0dced6cde3f1a8bc50e7b63f7db1d6b4ffe6353d78ac8b905132eebc7",
    "https://esm.sh/openai@5.8.1/denonext/internal/utils/log.mjs": "e8dbafa19594c37b08b5fa389249f61787b0fb58a85ce5a2b70344d791c19ea1",
    "https://esm.sh/openai@5.8.1/denonext/internal/utils/path.mjs": "15596a88a25508b17bab827796fee03f0c8d7a46a9551980188fb1ab0a68f602",
    "https://esm.sh/openai@5.8.1/denonext/internal/utils/sleep.mjs": "b7d68d88165e8e1b4b6b5ff544d0801873f74c7f8906d0d514d213fa63bcbac1",
    "https://esm.sh/openai@5.8.1/denonext/internal/utils/uuid.mjs": "9e97156dbb22e5f41a8134a0864e4a84c95e55461724e2d0970db37ff6977dfc",
    "https://esm.sh/openai@5.8.1/denonext/internal/utils/values.mjs": "6875103f67eb1fc5fc375ff40719867459e939d8e7ac93f26035c9383b806c36",
    "https://esm.sh/openai@5.8.1/denonext/lib/AbstractChatCompletionRunner.mjs": "6b5827874f39f1aa123847362b49eec2b8ba1243bc78fde9264dc26536fe7448",
    "https://esm.sh/openai@5.8.1/denonext/lib/EventStream.mjs": "8dd17b19d12a1e4627087eed5c1984b804a86d6b9fe1346c76c434f1291d655c",
    "https://esm.sh/openai@5.8.1/denonext/lib/RunnableFunction.mjs": "de2116b1c261acca1ce5abe284bdf13a75443f74ae4a281faf6d487291b5192d",
    "https://esm.sh/openai@5.8.1/denonext/lib/chatCompletionUtils.mjs": "eb829581f403a473d32a827d3030fb24daf3cbca157c37b3422f585bc4240564",
    "https://esm.sh/openai@5.8.1/denonext/lib/parser.mjs": "33db53a4392665e3b77d1a25b2cd714d686ba07cc5b67b3743e02d248daaa004",
    "https://esm.sh/openai@5.8.1/denonext/openai.mjs": "00420fdd0724e0afde549ce7e1decfa9b5d291b7a62552ffc6e9a2a474676703",
    "https://esm.sh/openai@5.8.1/denonext/resources/audio/audio.mjs": "b21d5e7f1b5c9f8aeec6e0856d156a102afe68497b2e9e252fc5ad27ef37a9ac",
    "https://esm.sh/openai@5.8.1/denonext/resources/batches.mjs": "3cd7614ff4cd31bb8bcfbd86b09c1a5b03613d9c9d8a4b5c74b52b1111eee801",
    "https://esm.sh/openai@5.8.1/denonext/resources/beta/beta.mjs": "c35389927ea177ddd7de0bfac23215a7f6ff98b531494b239e31c600bf662995",
    "https://esm.sh/openai@5.8.1/denonext/resources/chat/chat.mjs": "3d2f4411b96b4320c9ca09c12120d408cb91072e06c1f31d8c0e4fdfbc923ea6",
    "https://esm.sh/openai@5.8.1/denonext/resources/chat/completions/index.mjs": "f57c1802f215f0f4eaf85c37ec91081ccaaf00217f2d400e5dc62cfc7e8fc2f9",
    "https://esm.sh/openai@5.8.1/denonext/resources/completions.mjs": "638c0056623f210b028462a9b2a871df2046b1a80b6b4ad2d4fd031dc8a20ee0",
    "https://esm.sh/openai@5.8.1/denonext/resources/containers/containers.mjs": "3c25c77760e17bc244193339cfc51e1ceef33a987dfd13c804c725dfb6ee09b9",
    "https://esm.sh/openai@5.8.1/denonext/resources/embeddings.mjs": "ec08229f1e0ee9404addc9975e55e820c011d318a5cc1c0fe300875abeb40e79",
    "https://esm.sh/openai@5.8.1/denonext/resources/evals/evals.mjs": "835321ad9623ce5bde638bfb6808f60adacc81283846e3219d98dd03f24ee7d6",
    "https://esm.sh/openai@5.8.1/denonext/resources/files.mjs": "3d43a5f1346802f5e01ea0af00d563ab41a4d86b7eccb3709bae904c3016d216",
    "https://esm.sh/openai@5.8.1/denonext/resources/fine-tuning/fine-tuning.mjs": "79c315f5a4274617119b132441fd7238da99a587f81b8498a1597d32e43cb6e8",
    "https://esm.sh/openai@5.8.1/denonext/resources/graders/graders.mjs": "d8764644e54af78c0d22e20f300704011f9030d1654631b5632b155f608a591e",
    "https://esm.sh/openai@5.8.1/denonext/resources/images.mjs": "62d1eb768d75b29108feef1dcaa0e24ddd16813b9217eca4246e635953093760",
    "https://esm.sh/openai@5.8.1/denonext/resources/index.mjs": "848f324457c1f1e0ff208195cda8b05295d06ef3df2a3d3c11eac70a1108e881",
    "https://esm.sh/openai@5.8.1/denonext/resources/models.mjs": "8555174c0fddebb347d9555c2b0f5a435d4978ed3199e1260a495d4b9e866698",
    "https://esm.sh/openai@5.8.1/denonext/resources/moderations.mjs": "4942346b4d4fb5028d6c0930b10ec919fa520018836d6bb7e2a178e54525d91c",
    "https://esm.sh/openai@5.8.1/denonext/resources/responses/responses.mjs": "3bfbf5af35b394feaea814219cb4ed92ae578afb1b99526cadb67dbef059059c",
    "https://esm.sh/openai@5.8.1/denonext/resources/uploads/uploads.mjs": "8537d29ccecd7d62ccad8bb3a22b084df3d3c30c4e41d76888050813e42f6b93",
    "https://esm.sh/openai@5.8.1/denonext/resources/vector-stores/vector-stores.mjs": "b29c823e24656834bd9ec3753c1e1471ff6b79009b4127c5848bd5070c2649c6",
    "https://esm.sh/openai@5.8.1/denonext/resources/webhooks.mjs": "9d71cd92fbe81b7748b54abe7b4f2c296a38bbae0017e9b80f9e82479922bf3b",
    "https://esm.sh/openai@5.8.1/denonext/streaming.mjs": "91f6726846816af48d015d550db3f2287313317f94b81bde249e3f7f748e7c82",
    "https://esm.sh/openai@5.8.1/denonext/version.mjs": "c95dc972843b7a21ae9f913e345887ac24358c5390f6b7e27a4b023d3bc32516",
    "https://esm.sh/tr46@0.0.3/denonext/tr46.mjs": "5753ec0a99414f4055f0c1f97691100f13d88e48a8443b00aebb90a512785fa2",
    "https://esm.sh/tr46@0.0.3?target=denonext": "19cb9be0f0d418a0c3abb81f2df31f080e9540a04e43b0f699bce1149cba0cbb",
    "https://esm.sh/webidl-conversions@3.0.1/denonext/webidl-conversions.mjs": "54b5c2d50a294853c4ccebf9d5ed8988c94f4e24e463d84ec859a866ea5fafec",
    "https://esm.sh/webidl-conversions@3.0.1?target=denonext": "4e20318d50528084616c79d7b3f6e7f0fe7b6d09013bd01b3974d7448d767e29",
    "https://esm.sh/whatwg-url@5.0.0/denonext/whatwg-url.mjs": "29b16d74ee72624c915745bbd25b617cfd2248c6af0f5120d131e232a9a9af79",
    "https://esm.sh/whatwg-url@5.0.0?target=denonext": "f001a2cadf81312d214ca330033f474e74d81a003e21e8c5d70a1f46dc97b02d"
  }
}
